# This file is machine-generated by `gh actions-lock`.
# Do not edit by hand; run `gh actions-lock` to update.
# Docs: https://gh.io/actions-lockfile
version: 'v0.0.2'
workflows:
    '.github/workflows/boj-build.yml':
        - 'actions/checkout@v5.0.1'
    '.github/workflows/bridge-gate.yml':
        - 'actions/checkout@v4.3.1'
    '.github/workflows/cflite_batch.yml':
        - 'actions/checkout@v5.0.1'
        - 'google/clusterfuzzlite@v1'
    '.github/workflows/cflite_pr.yml':
        - 'actions/checkout@v5.0.1'
        - 'google/clusterfuzzlite@v1'
    '.github/workflows/codeql.yml':
        - 'actions/checkout@v6.0.2'
        - 'github/codeql-action@v4.34.0'
    '.github/workflows/dogfood-gate.yml':
        - 'actions/checkout@v4.3.1'
        - 'hyperpolymath/a2ml-ecosystem@main'
        - 'hyperpolymath/k9-ecosystem@main'
    '.github/workflows/governance.yml': []
    '.github/workflows/hypatia-scan.yml': []
    '.github/workflows/instant-sync.yml':
        - 'peter-evans/repository-dispatch@v3.0.0'
    '.github/workflows/k9iser-regen.yml':
        - 'actions/checkout@v6.0.2'
    '.github/workflows/mirror.yml': []
    '.github/workflows/push-email-notify.yml':
        - 'dawidd6/action-send-mail@v3.12.0'
    '.github/workflows/rust-ci.yml': []
    '.github/workflows/scorecard.yml': []
    '.github/workflows/secret-scanner.yml': []
    '.github/workflows/wiki-publish.yml':
        - 'actions/checkout@v6.0.2'
dependencies:
    'actions/checkout@v4.3.1':
        ref: 'v4.3.1'
        commit: 'sha1-34e114876b0b11c390a56381ad16ebd13914f8d5'
        owner_id: 44036562
        repo_id: 197814629
    'actions/checkout@v5.0.1':
        ref: 'v5.0.1'
        commit: 'sha1-93cb6efe18208431cddfb8368fd83d5badbf9bfd'
        owner_id: 44036562
        repo_id: 197814629
    'actions/checkout@v6.0.2':
        ref: 'v6.0.2'
        commit: 'sha1-de0fac2e4500dabe0009e67214ff5f5447ce83dd'
        owner_id: 44036562
        repo_id: 197814629
    'dawidd6/action-send-mail@v3.12.0':
        ref: 'v3.12.0'
        commit: 'sha1-6e502825a508b867ab2954ad6343b68787624c01'
        owner_id: 9713907
        repo_id: 222439721
    'github/codeql-action@v4.34.0':
        ref: 'v4.34.0'
        commit: 'sha1-c6f931105cb2c34c8f901cc885ba1e2e259cf745'
        owner_id: 9919
        repo_id: 259445878
    'google/clusterfuzzlite@v1':
        ref: 'v1'
        commit: 'sha1-884713a6c30a92e5e8544c39945cd7cb630abcd1'
        owner_id: 1342004
        repo_id: 400046858
    'hyperpolymath/a2ml-ecosystem@main':
        ref: 'main'
        commit: 'sha1-aa4b836bd969df2bc58128cb8e3d20bbc88d5e79'
        owner_id: 6759885
        repo_id: 1275649586
    'hyperpolymath/k9-ecosystem@main':
        ref: 'main'
        commit: 'sha1-89f3c2702f4f650a92aa7411502f38da06abd562'
        owner_id: 6759885
        repo_id: 1275650185
    'peter-evans/repository-dispatch@v3.0.0':
        ref: 'v3.0.0'
        commit: 'sha1-ff45666b9427631e3450c54a1bcbee4d9ff4d7c0'
        owner_id: 18365890
        repo_id: 220359305
