# This file is machine-generated by `gh actions-lock`.
# Do not edit by hand; run `gh actions-lock` to update.
# Docs: https://gh.io/actions-lockfile
version: 'v0.0.2'
workflows:
    '.github/workflows/boj-build.yml':
        - 'actions/checkout@v7.0.1'
    '.github/workflows/bridge-gate.yml':
        - 'actions/checkout@v7.0.1'
    '.github/workflows/cflite_batch.yml':
        - 'actions/checkout@v7.0.1'
        - 'google/clusterfuzzlite@v1'
    '.github/workflows/cflite_pr.yml':
        - 'actions/checkout@v7.0.1'
        - 'google/clusterfuzzlite@v1'
    '.github/workflows/codeql.yml':
        - 'actions/checkout@v7.0.1'
        - 'github/codeql-action@v4.37.8'
    '.github/workflows/dogfood-gate.yml':
        - 'actions/checkout@v7.0.1'
        - 'hyperpolymath/a2ml-ecosystem@main'
        - 'hyperpolymath/k9-ecosystem@main'
    '.github/workflows/governance.yml': []
    '.github/workflows/hypatia-scan.yml': []
    '.github/workflows/instant-sync.yml':
        - 'peter-evans/repository-dispatch@v4.0.1'
    '.github/workflows/k9iser-regen.yml':
        - 'actions/checkout@v7.0.1'
    '.github/workflows/mirror.yml': []
    '.github/workflows/push-email-notify.yml':
        - 'dawidd6/action-send-mail@v3.12.0'
    '.github/workflows/rust-ci.yml': []
    '.github/workflows/scorecard.yml': []
    '.github/workflows/secret-scanner.yml': []
    '.github/workflows/wiki-publish.yml':
        - 'actions/checkout@v7.0.1'
dependencies:
    'actions/checkout@v7.0.1':
        ref: 'v7.0.1'
        commit: 'sha1-3d3c42e5aac5ba805825da76410c181273ba90b1'
        owner_id: 44036562
        repo_id: 197814629
    'dawidd6/action-send-mail@v3.12.0':
        ref: 'v3.12.0'
        commit: 'sha1-94de994a9f6fffee200243214e17002e2920bb59'
        owner_id: 9713907
        repo_id: 222439721
    'github/codeql-action@v4.37.8':
        ref: 'v4.37.8'
        commit: 'sha1-db488ddef3bf6cb639b32c2e9a7c0a7ea8271d28'
        owner_id: 9919
        repo_id: 259445878
    'google/clusterfuzzlite@v1':
        ref: 'v1'
        commit: 'sha1-884713a6c30a92e5e8544c39945cd7cb630abcd1'
        owner_id: 1342004
        repo_id: 400046858
    'hyperpolymath/a2ml-ecosystem@main':
        ref: 'main'
        commit: 'sha1-aa4b836bd969df2bc58128cb8e3d20bbc88d5e79'
        owner_id: 6759885
        repo_id: 1275649586
    'hyperpolymath/k9-ecosystem@main':
        ref: 'main'
        commit: 'sha1-89f3c2702f4f650a92aa7411502f38da06abd562'
        owner_id: 6759885
        repo_id: 1275650185
    'peter-evans/repository-dispatch@v4.0.1':
        ref: 'v4.0.1'
        commit: 'sha1-28959ce8df70de7be546dd1250a005dd32156697'
        owner_id: 18365890
        repo_id: 220359305
